<?xml version="1.0" encoding="utf-8"?>
<Project ToolsVersion="4.0" xmlns="http://schemas.microsoft.com/developer/msbuild/2003">
  <ItemGroup>
    <Filter Include="Source Files">
      <UniqueIdentifier>{4FC737F1-C7A5-4376-A066-2A32D752A2FF}</UniqueIdentifier>
      <Extensions>cpp;c;cc;cxx;c++;def;odl;idl;hpj;bat;asm;asmx</Extensions>
    </Filter>
    <Filter Include="Header Files">
      <UniqueIdentifier>{93995380-89BD-4b04-88EB-625FBE52EBFB}</UniqueIdentifier>
      <Extensions>h;hh;hpp;hxx;h++;hm;inl;inc;ipp;xsd</Extensions>
    </Filter>
    <Filter Include="Resource Files">
      <UniqueIdentifier>{67DA6AB6-F800-4c08-8B7A-83BB121AAD01}</UniqueIdentifier>
      <Extensions>rc;ico;cur;bmp;dlg;rc2;rct;bin;rgs;gif;jpg;jpeg;jpe;resx;tiff;tif;png;wav;mfcribbon-ms</Extensions>
    </Filter>
    <Filter Include="WithPimpl">
      <UniqueIdentifier>{868c85d9-2ac4-4fd7-bea2-7b680b180f4e}</UniqueIdentifier>
    </Filter>
    <Filter Include="WithoutPimpl">
      <UniqueIdentifier>{e336bf8b-95d3-4660-ac9c-6ca7dec4d1d4}</UniqueIdentifier>
    </Filter>
  </ItemGroup>
  <ItemGroup>
    <ClCompile Include="main.cpp">
      <Filter>Source Files</Filter>
    </ClCompile>
    <ClCompile Include="GearAssemply.cpp">
      <Filter>Source Files</Filter>
    </ClCompile>
    <ClCompile Include="GearBox_Raw.cpp">
      <Filter>WithoutPimpl</Filter>
    </ClCompile>
    <ClCompile Include="GearBoxImpl.cpp">
      <Filter>Source Files</Filter>
    </ClCompile>
    <ClCompile Include="GearBox.cpp">
      <Filter>WithPimpl</Filter>
    </ClCompile>
  </ItemGroup>
  <ItemGroup>
    <ClInclude Include="GearAssemply.h">
      <Filter>Header Files</Filter>
    </ClInclude>
    <ClInclude Include="GearBox_Raw.h">
      <Filter>WithoutPimpl</Filter>
    </ClInclude>
    <ClInclude Include="GearBoxImpl.h">
      <Filter>Header Files</Filter>
    </ClInclude>
    <ClInclude Include="GearBox.h">
      <Filter>WithPimpl</Filter>
    </ClInclude>
  </ItemGroup>
</Project>